
Microsoft Visual Studio Solution File, Format Version 12.00
# Visual Studio Version 17
VisualStudioVersion = 17.8.34330.188
MinimumVisualStudioVersion = 10.0.40219.1
Project("{FAE04EC0-301F-11D3-BF4B-00C04F79EFBC}") = "Converter", "Converter\Converter.csproj", "{8B1D6F8C-13BC-421F-9896-034145DEB82B}"
EndProject
Global
	GlobalSection(SolutionConfigurationPlatforms) = preSolution
		Debug|Any CPU = Debug|Any CPU
		Release|Any CPU = Release|Any CPU
	EndGlobalSection
	GlobalSection(ProjectConfigurationPlatforms) = postSolution
		{8B1D6F8C-13BC-421F-9896-034145DEB82B}.Debug|Any CPU.ActiveCfg = Debug|Any CPU
		{8B1D6F8C-13BC-421F-9896-034145DEB82B}.Debug|Any CPU.Build.0 = Debug|Any CPU
		{8B1D6F8C-13BC-421F-9896-034145DEB82B}.Release|Any CPU.ActiveCfg = Release|Any CPU
		{8B1D6F8C-13BC-421F-9896-034145DEB82B}.Release|Any CPU.Build.0 = Release|Any CPU
	EndGlobalSection
	GlobalSection(SolutionProperties) = preSolution
		HideSolutionNode = FALSE
	EndGlobalSection
	GlobalSection(ExtensibilityGlobals) = postSolution
		SolutionGuid = {F5EC2109-3635-4E1A-9C0C-B72C990C9456}
	EndGlobalSection
EndGlobal
